
Microsoft Visual Studio Solution File, Format Version 12.00
# Visual Studio Version 16
VisualStudioVersion = 16.0.30104.148
MinimumVisualStudioVersion = 10.0.40219.1
Project("{FAE04EC0-301F-11D3-BF4B-00C04F79EFBC}") = "Ex05.UI", "Ex05.UI\Ex05.UI.csproj", "{EEC426DC-1E17-4B91-BFBA-E4F5EB10C30E}"
EndProject
Project("{FAE04EC0-301F-11D3-BF4B-00C04F79EFBC}") = "Logic", "Logic\Logic.csproj", "{3AEB93F7-96C0-43C5-AA76-344B9DB372CA}"
EndProject
Global
	GlobalSection(SolutionConfigurationPlatforms) = preSolution
		Debug|Any CPU = Debug|Any CPU
		Release|Any CPU = Release|Any CPU
	EndGlobalSection
	GlobalSection(ProjectConfigurationPlatforms) = postSolution
		{EEC426DC-1E17-4B91-BFBA-E4F5EB10C30E}.Debug|Any CPU.ActiveCfg = Debug|Any CPU
		{EEC426DC-1E17-4B91-BFBA-E4F5EB10C30E}.Debug|Any CPU.Build.0 = Debug|Any CPU
		{EEC426DC-1E17-4B91-BFBA-E4F5EB10C30E}.Release|Any CPU.ActiveCfg = Release|Any CPU
		{EEC426DC-1E17-4B91-BFBA-E4F5EB10C30E}.Release|Any CPU.Build.0 = Release|Any CPU
		{3AEB93F7-96C0-43C5-AA76-344B9DB372CA}.Debug|Any CPU.ActiveCfg = Debug|Any CPU
		{3AEB93F7-96C0-43C5-AA76-344B9DB372CA}.Debug|Any CPU.Build.0 = Debug|Any CPU
		{3AEB93F7-96C0-43C5-AA76-344B9DB372CA}.Release|Any CPU.ActiveCfg = Release|Any CPU
		{3AEB93F7-96C0-43C5-AA76-344B9DB372CA}.Release|Any CPU.Build.0 = Release|Any CPU
	EndGlobalSection
	GlobalSection(SolutionProperties) = preSolution
		HideSolutionNode = FALSE
	EndGlobalSection
	GlobalSection(ExtensibilityGlobals) = postSolution
		SolutionGuid = {85506C95-262C-49B1-B154-893A5ECB07AE}
	EndGlobalSection
EndGlobal
